Microsoft Visual Studio Solution File, Format Version 11.00
# Visual Studio 2008

Project("{F664F6F3-CC18-BF2B-D45D-26A673E95492}") = "haxor-progfun", "Assembly-CSharp.csproj", "{44E2A8D8-AACD-01D5-4A99-B68625940A1B}"
EndProject
Project("{F664F6F3-CC18-BF2B-D45D-26A673E95492}") = "haxor-progfun", "Assembly-CSharp-Editor.csproj", "{A9508DD8-CC30-1880-6AE3-7BE5283B217E}"
EndProject
Project("{F664F6F3-CC18-BF2B-D45D-26A673E95492}") = "haxor-progfun", "Assembly-UnityScript.unityproj", "{48E0F3F7-CE7F-17C5-2C78-BEF51A557F93}"
EndProject
Global
	GlobalSection(SolutionConfigurationPlatforms) = preSolution
		Debug|Any CPU = Debug|Any CPU
		Release|Any CPU = Release|Any CPU
	EndGlobalSection
	GlobalSection(ProjectConfigurationPlatforms) = postSolution
		{44E2A8D8-AACD-01D5-4A99-B68625940A1B}.Debug|Any CPU.ActiveCfg = Debug|Any CPU
		{44E2A8D8-AACD-01D5-4A99-B68625940A1B}.Debug|Any CPU.Build.0 = Debug|Any CPU
		{44E2A8D8-AACD-01D5-4A99-B68625940A1B}.Release|Any CPU.ActiveCfg = Release|Any CPU
		{44E2A8D8-AACD-01D5-4A99-B68625940A1B}.Release|Any CPU.Build.0 = Release|Any CPU
		{A9508DD8-CC30-1880-6AE3-7BE5283B217E}.Debug|Any CPU.ActiveCfg = Debug|Any CPU
		{A9508DD8-CC30-1880-6AE3-7BE5283B217E}.Debug|Any CPU.Build.0 = Debug|Any CPU
		{A9508DD8-CC30-1880-6AE3-7BE5283B217E}.Release|Any CPU.ActiveCfg = Release|Any CPU
		{A9508DD8-CC30-1880-6AE3-7BE5283B217E}.Release|Any CPU.Build.0 = Release|Any CPU
		{48E0F3F7-CE7F-17C5-2C78-BEF51A557F93}.Debug|Any CPU.ActiveCfg = Debug|Any CPU
		{48E0F3F7-CE7F-17C5-2C78-BEF51A557F93}.Debug|Any CPU.Build.0 = Debug|Any CPU
		{48E0F3F7-CE7F-17C5-2C78-BEF51A557F93}.Release|Any CPU.ActiveCfg = Release|Any CPU
		{48E0F3F7-CE7F-17C5-2C78-BEF51A557F93}.Release|Any CPU.Build.0 = Release|Any CPU
	EndGlobalSection
	GlobalSection(SolutionProperties) = preSolution
		HideSolutionNode = FALSE
	EndGlobalSection
																																																																																																							GlobalSection(MonoDevelopProperties) = preSolution
		StartupItem = Assembly-CSharp.csproj
		Policies = $0
		$0.TextStylePolicy = $1
		$1.inheritsSet = null
		$1.scope = text/x-csharp
		$0.CSharpFormattingPolicy = $2
		$2.inheritsSet = Mono
		$2.inheritsScope = text/x-csharp
		$2.scope = text/x-csharp
		$0.TextStylePolicy = $3
		$3.FileWidth = 120
		$3.TabWidth = 4
		$3.EolMarker = Unix
		$3.inheritsSet = Mono
		$3.inheritsScope = text/plain
		$3.scope = text/plain
	EndGlobalSection

EndGlobal
